{
  "name": "react-fiber-three-renderer",
  "version": "1.0.0",
  "lockfileVersion": 1,
  "requires": true,
  "dependencies": {
    "archiver": {
      "version": "1.3.0",
      "resolved": "http://vimond.jfrog.io/vimond/api/npm/npm-virtual/archiver/-/archiver-1.3.0.tgz?dl=https://registry.npmjs.org/archiver/-/archiver-1.3.0.tgz",
      "integrity": "sha1-TyGU1tj5nfP1MeaIHxTxXVX6ryI=",
      "dev": true,
      "requires": {
        "archiver-utils": "1.3.0",
        "async": "2.6.0",
        "buffer-crc32": "0.2.13",
        "glob": "7.1.2",
        "lodash": "4.17.5",
        "readable-stream": "2.2.11",
        "tar-stream": "1.5.5",
        "walkdir": "0.0.11",
        "zip-stream": "1.2.0"
      }
    },
    "archiver-utils": {
      "version": "1.3.0",
      "resolved": "http://vimond.jfrog.io/vimond/api/npm/npm-virtual/archiver-utils/-/archiver-utils-1.3.0.tgz?dl=https://registry.npmjs.org/archiver-utils/-/archiver-utils-1.3.0.tgz",
      "integrity": "sha1-5QtMCccL89aA4y/xt5lOn52JUXQ=",
      "dev": true,
      "requires": {
        "glob": "7.1.2",
        "graceful-fs": "4.1.11",
        "lazystream": "1.0.0",
        "lodash": "4.17.5",
        "normalize-path": "2.1.1",
        "readable-stream": "2.2.11"
      }
    },
    "asap": {
      "version": "2.0.6",
      "resolved": "http://vimond.jfrog.io/vimond/api/npm/npm-virtual/asap/-/asap-2.0.6.tgz",
      "integrity": "sha1-5QNHYR1+aQlDIIu9r+vLwvuGbUY=",
      "dev": true
    },
    "async": {
      "version": "2.6.0",
      "resolved": "http://vimond.jfrog.io/vimond/api/npm/npm-virtual/async/-/async-2.6.0.tgz?dl=https://registry.npmjs.org/async/-/async-2.6.0.tgz",
      "integrity": "sha1-YaKau2/MAm/qd+VtHG7FOnlZUfQ=",
      "dev": true,
      "requires": {
        "lodash": "4.17.5"
      }
    },
    "balanced-match": {
      "version": "1.0.0",
      "resolved": "http://vimond.jfrog.io/vimond/api/npm/npm-virtual/balanced-match/-/balanced-match-1.0.0.tgz?dl=https://registry.npmjs.org/balanced-match/-/balanced-match-1.0.0.tgz",
      "integrity": "sha1-ibTRmasr7kneFk6gK4nORi1xt2c=",
      "dev": true
    },
    "bl": {
      "version": "1.2.2",
      "resolved": "http://vimond.jfrog.io/vimond/api/npm/npm-virtual/bl/-/bl-1.2.2.tgz?dl=https://registry.npmjs.org/bl/-/bl-1.2.2.tgz",
      "integrity": "sha1-oWCRFxcQPAdBDO9j71Gzl8Alr5w=",
      "dev": true,
      "requires": {
        "readable-stream": "2.3.6",
        "safe-buffer": "5.1.1"
      },
      "dependencies": {
        "process-nextick-args": {
          "version": "2.0.0",
          "resolved": "http://vimond.jfrog.io/vimond/api/npm/npm-virtual/process-nextick-args/-/process-nextick-args-2.0.0.tgz?dl=https://registry.npmjs.org/process-nextick-args/-/process-nextick-args-2.0.0.tgz",
          "integrity": "sha1-o31zL0JxtKsa0HDTVQjoKQeI/6o=",
          "dev": true
        },
        "readable-stream": {
          "version": "2.3.6",
          "resolved": "http://vimond.jfrog.io/vimond/api/npm/npm-virtual/readable-stream/-/readable-stream-2.3.6.tgz?dl=https://registry.npmjs.org/readable-stream/-/readable-stream-2.3.6.tgz",
          "integrity": "sha1-sRwn2IuP8fvgcGQ8+UsMea4bCq8=",
          "dev": true,
          "requires": {
            "core-util-is": "1.0.2",
            "inherits": "2.0.3",
            "isarray": "1.0.0",
            "process-nextick-args": "2.0.0",
            "safe-buffer": "5.1.1",
            "string_decoder": "1.1.1",
            "util-deprecate": "1.0.2"
          }
        },
        "safe-buffer": {
          "version": "5.1.1",
          "resolved": "http://vimond.jfrog.io/vimond/api/npm/npm-virtual/safe-buffer/-/safe-buffer-5.1.1.tgz?dl=https://registry.npmjs.org/safe-buffer/-/safe-buffer-5.1.1.tgz",
          "integrity": "sha1-iTMSr2myEj3vcfV4iQAWce6yyFM=",
          "dev": true
        },
        "string_decoder": {
          "version": "1.1.1",
          "resolved": "http://vimond.jfrog.io/vimond/api/npm/npm-virtual/string_decoder/-/string_decoder-1.1.1.tgz?dl=https://registry.npmjs.org/string_decoder/-/string_decoder-1.1.1.tgz",
          "integrity": "sha1-nPFhG6YmhdcDCunkujQUnDrwP8g=",
          "dev": true,
          "requires": {
            "safe-buffer": "5.1.1"
          }
        }
      }
    },
    "brace-expansion": {
      "version": "1.1.11",
      "resolved": "http://vimond.jfrog.io/vimond/api/npm/npm-virtual/brace-expansion/-/brace-expansion-1.1.11.tgz?dl=https://registry.npmjs.org/brace-expansion/-/brace-expansion-1.1.11.tgz",
      "integrity": "sha1-PH/L9SnYcibz0vUrlm/1Jx60Qd0=",
      "dev": true,
      "requires": {
        "balanced-match": "1.0.0",
        "concat-map": "0.0.1"
      }
    },
    "buffer-crc32": {
      "version": "0.2.13",
      "resolved": "http://vimond.jfrog.io/vimond/api/npm/npm-virtual/buffer-crc32/-/buffer-crc32-0.2.13.tgz?dl=https://registry.npmjs.org/buffer-crc32/-/buffer-crc32-0.2.13.tgz",
      "integrity": "sha1-DTM+PwDqxQqhRUq9MO+MKl2ackI=",
      "dev": true
    },
    "compress-commons": {
      "version": "1.2.2",
      "resolved": "http://vimond.jfrog.io/vimond/api/npm/npm-virtual/compress-commons/-/compress-commons-1.2.2.tgz?dl=https://registry.npmjs.org/compress-commons/-/compress-commons-1.2.2.tgz",
      "integrity": "sha1-UkqfEJA/OoEzibAiXSfEi7dRiQ8=",
      "dev": true,
      "requires": {
        "buffer-crc32": "0.2.13",
        "crc32-stream": "2.0.0",
        "normalize-path": "2.1.1",
        "readable-stream": "2.2.11"
      }
    },
    "concat-map": {
      "version": "0.0.1",
      "resolved": "http://vimond.jfrog.io/vimond/api/npm/npm-virtual/concat-map/-/concat-map-0.0.1.tgz?dl=https://registry.npmjs.org/concat-map/-/concat-map-0.0.1.tgz",
      "integrity": "sha1-2Klr13/Wjfd5OnMDajug1UBdR3s=",
      "dev": true
    },
    "core-js": {
      "version": "1.2.7",
      "resolved": "http://vimond.jfrog.io/vimond/api/npm/npm-virtual/core-js/-/core-js-1.2.7.tgz",
      "integrity": "sha1-ZSKUwUZR2yj6k70tX/KYOk8IxjY=",
      "dev": true
    },
    "core-util-is": {
      "version": "1.0.2",
      "resolved": "http://vimond.jfrog.io/vimond/api/npm/npm-virtual/core-util-is/-/core-util-is-1.0.2.tgz?dl=https://registry.npmjs.org/core-util-is/-/core-util-is-1.0.2.tgz",
      "integrity": "sha1-tf1UIgqivFq1eqtxQMlAdUUDwac=",
      "dev": true
    },
    "crc": {
      "version": "3.5.0",
      "resolved": "http://vimond.jfrog.io/vimond/api/npm/npm-virtual/crc/-/crc-3.5.0.tgz?dl=https://registry.npmjs.org/crc/-/crc-3.5.0.tgz",
      "integrity": "sha1-mLi6fUiWZbo5efWbITgTdBAaGWQ=",
      "dev": true
    },
    "crc32-stream": {
      "version": "2.0.0",
      "resolved": "http://vimond.jfrog.io/vimond/api/npm/npm-virtual/crc32-stream/-/crc32-stream-2.0.0.tgz?dl=https://registry.npmjs.org/crc32-stream/-/crc32-stream-2.0.0.tgz",
      "integrity": "sha1-483TtN8xaN10494/u8t7KX/pCPQ=",
      "dev": true,
      "requires": {
        "crc": "3.5.0",
        "readable-stream": "2.2.11"
      }
    },
    "encoding": {
      "version": "0.1.12",
      "resolved": "http://vimond.jfrog.io/vimond/api/npm/npm-virtual/encoding/-/encoding-0.1.12.tgz",
      "integrity": "sha1-U4tm8+5izRq1HsMjgp0flIDHS+s=",
      "dev": true,
      "requires": {
        "iconv-lite": "0.4.21"
      }
    },
    "end-of-stream": {
      "version": "1.4.1",
      "resolved": "http://vimond.jfrog.io/vimond/api/npm/npm-virtual/end-of-stream/-/end-of-stream-1.4.1.tgz?dl=https://registry.npmjs.org/end-of-stream/-/end-of-stream-1.4.1.tgz",
      "integrity": "sha1-7SljTRm6ukY7bOa4CjchPqtx7EM=",
      "dev": true,
      "requires": {
        "once": "1.4.0"
      }
    },
    "fast-image-size": {
      "version": "0.1.3",
      "resolved": "http://vimond.jfrog.io/vimond/api/npm/npm-virtual/fast-image-size/-/fast-image-size-0.1.3.tgz?dl=https://registry.npmjs.org/fast-image-size/-/fast-image-size-0.1.3.tgz",
      "integrity": "sha1-/KVsGfDGnPRLFWBuYNgg9oY/1bI=",
      "dev": true
    },
    "fbjs": {
      "version": "0.8.16",
      "resolved": "http://vimond.jfrog.io/vimond/api/npm/npm-virtual/fbjs/-/fbjs-0.8.16.tgz",
      "integrity": "sha1-XmdDL1UNxBtXK/VYR7ispk5TN9s=",
      "dev": true,
      "requires": {
        "core-js": "1.2.7",
        "isomorphic-fetch": "2.2.1",
        "loose-envify": "1.3.1",
        "object-assign": "4.1.1",
        "promise": "7.3.1",
        "setimmediate": "1.0.5",
        "ua-parser-js": "0.7.17"
      }
    },
    "fs.realpath": {
      "version": "1.0.0",
      "resolved": "http://vimond.jfrog.io/vimond/api/npm/npm-virtual/fs.realpath/-/fs.realpath-1.0.0.tgz?dl=https://registry.npmjs.org/fs.realpath/-/fs.realpath-1.0.0.tgz",
      "integrity": "sha1-FQStJSMVjKpA20onh8sBQRmU6k8=",
      "dev": true
    },
    "glob": {
      "version": "7.1.2",
      "resolved": "http://vimond.jfrog.io/vimond/api/npm/npm-virtual/glob/-/glob-7.1.2.tgz?dl=https://registry.npmjs.org/glob/-/glob-7.1.2.tgz",
      "integrity": "sha1-wZyd+aAocC1nhhI4SmVSQExjbRU=",
      "dev": true,
      "requires": {
        "fs.realpath": "1.0.0",
        "inflight": "1.0.6",
        "inherits": "2.0.3",
        "minimatch": "3.0.4",
        "once": "1.4.0",
        "path-is-absolute": "1.0.1"
      }
    },
    "graceful-fs": {
      "version": "4.1.11",
      "resolved": "http://vimond.jfrog.io/vimond/api/npm/npm-virtual/graceful-fs/-/graceful-fs-4.1.11.tgz?dl=https://registry.npmjs.org/graceful-fs/-/graceful-fs-4.1.11.tgz",
      "integrity": "sha1-Dovf5NHduIVNZOBOp8AOKgJuVlg=",
      "dev": true
    },
    "iconv-lite": {
      "version": "0.4.21",
      "resolved": "http://vimond.jfrog.io/vimond/api/npm/npm-virtual/iconv-lite/-/iconv-lite-0.4.21.tgz",
      "integrity": "sha1-xH+HM9AhcRievEpADzIY00gJR5g=",
      "dev": true,
      "requires": {
        "safer-buffer": "2.1.2"
      }
    },
    "inflight": {
      "version": "1.0.6",
      "resolved": "http://vimond.jfrog.io/vimond/api/npm/npm-virtual/inflight/-/inflight-1.0.6.tgz?dl=https://registry.npmjs.org/inflight/-/inflight-1.0.6.tgz",
      "integrity": "sha1-Sb1jMdfQLQwJvJEKEHW6gWW1bfk=",
      "dev": true,
      "requires": {
        "once": "1.4.0",
        "wrappy": "1.0.2"
      }
    },
    "inherits": {
      "version": "2.0.3",
      "resolved": "http://vimond.jfrog.io/vimond/api/npm/npm-virtual/inherits/-/inherits-2.0.3.tgz?dl=https://registry.npmjs.org/inherits/-/inherits-2.0.3.tgz",
      "integrity": "sha1-Yzwsg+PaQqUC9SRmAiSA9CCCYd4=",
      "dev": true
    },
    "is-stream": {
      "version": "1.1.0",
      "resolved": "http://vimond.jfrog.io/vimond/api/npm/npm-virtual/is-stream/-/is-stream-1.1.0.tgz",
      "integrity": "sha1-EtSj3U5o4Lec6428hBc66A2RykQ=",
      "dev": true
    },
    "isarray": {
      "version": "1.0.0",
      "resolved": "http://vimond.jfrog.io/vimond/api/npm/npm-virtual/isarray/-/isarray-1.0.0.tgz?dl=https://registry.npmjs.org/isarray/-/isarray-1.0.0.tgz",
      "integrity": "sha1-u5NdSFgsuhaMBoNJV6VKPgcSTxE=",
      "dev": true
    },
    "isomorphic-fetch": {
      "version": "2.2.1",
      "resolved": "http://vimond.jfrog.io/vimond/api/npm/npm-virtual/isomorphic-fetch/-/isomorphic-fetch-2.2.1.tgz",
      "integrity": "sha1-YRrhrPFPXoH3KVB0coGf6XM1WKk=",
      "dev": true,
      "requires": {
        "node-fetch": "1.7.3",
        "whatwg-fetch": "2.0.4"
      }
    },
    "js-tokens": {
      "version": "3.0.2",
      "resolved": "http://vimond.jfrog.io/vimond/api/npm/npm-virtual/js-tokens/-/js-tokens-3.0.2.tgz",
      "integrity": "sha1-mGbfOVECEw449/mWvOtlRDIJwls=",
      "dev": true
    },
    "jszip": {
      "version": "2.6.1",
      "resolved": "http://vimond.jfrog.io/vimond/api/npm/npm-virtual/jszip/-/jszip-2.6.1.tgz?dl=https://registry.npmjs.org/jszip/-/jszip-2.6.1.tgz",
      "integrity": "sha1-uI86ey5noqBIFSmCx6N1bZxIKPA=",
      "dev": true,
      "requires": {
        "pako": "1.0.6"
      }
    },
    "lazystream": {
      "version": "1.0.0",
      "resolved": "http://vimond.jfrog.io/vimond/api/npm/npm-virtual/lazystream/-/lazystream-1.0.0.tgz?dl=https://registry.npmjs.org/lazystream/-/lazystream-1.0.0.tgz",
      "integrity": "sha1-9plf4PggOS9hOWvolGJAe7dxaOQ=",
      "dev": true,
      "requires": {
        "readable-stream": "2.2.11"
      }
    },
    "lodash": {
      "version": "4.17.5",
      "resolved": "http://vimond.jfrog.io/vimond/api/npm/npm-virtual/lodash/-/lodash-4.17.5.tgz?dl=https://registry.npmjs.org/lodash/-/lodash-4.17.5.tgz",
      "integrity": "sha1-maktZcAnLevoyWtgV7yPv6O+1RE=",
      "dev": true
    },
    "loose-envify": {
      "version": "1.3.1",
      "resolved": "http://vimond.jfrog.io/vimond/api/npm/npm-virtual/loose-envify/-/loose-envify-1.3.1.tgz",
      "integrity": "sha1-0aitM/qc4OcT1l/dCsi3SNR4yEg=",
      "dev": true,
      "requires": {
        "js-tokens": "3.0.2"
      }
    },
    "minimatch": {
      "version": "3.0.4",
      "resolved": "http://vimond.jfrog.io/vimond/api/npm/npm-virtual/minimatch/-/minimatch-3.0.4.tgz?dl=https://registry.npmjs.org/minimatch/-/minimatch-3.0.4.tgz",
      "integrity": "sha1-UWbihkV/AzBgZL5Ul+jbsMPTIIM=",
      "dev": true,
      "requires": {
        "brace-expansion": "1.1.11"
      }
    },
    "node-fetch": {
      "version": "1.7.3",
      "resolved": "http://vimond.jfrog.io/vimond/api/npm/npm-virtual/node-fetch/-/node-fetch-1.7.3.tgz",
      "integrity": "sha1-mA9vcthSEaU0fGsrwYxbhMPrR+8=",
      "dev": true,
      "requires": {
        "encoding": "0.1.12",
        "is-stream": "1.1.0"
      }
    },
    "normalize-path": {
      "version": "2.1.1",
      "resolved": "http://vimond.jfrog.io/vimond/api/npm/npm-virtual/normalize-path/-/normalize-path-2.1.1.tgz?dl=https://registry.npmjs.org/normalize-path/-/normalize-path-2.1.1.tgz",
      "integrity": "sha1-GrKLVW4Zg2Oowab35vogE3/mrtk=",
      "dev": true,
      "requires": {
        "remove-trailing-separator": "1.1.0"
      }
    },
    "object-assign": {
      "version": "4.1.1",
      "resolved": "http://vimond.jfrog.io/vimond/api/npm/npm-virtual/object-assign/-/object-assign-4.1.1.tgz",
      "integrity": "sha1-IQmtx5ZYh8/AXLvUQsrIv7s2CGM=",
      "dev": true
    },
    "officegen": {
      "version": "0.4.5",
      "resolved": "http://vimond.jfrog.io/vimond/api/npm/npm-virtual/officegen/-/officegen-0.4.5.tgz?dl=https://registry.npmjs.org/officegen/-/officegen-0.4.5.tgz",
      "integrity": "sha1-DckUHeKdx1XmTlOgHF2Cjq8DhgU=",
      "dev": true,
      "requires": {
        "archiver": "1.3.0",
        "async": "2.6.0",
        "fast-image-size": "0.1.3",
        "jszip": "2.6.1",
        "lodash": "4.17.5",
        "readable-stream": "2.2.11",
        "setimmediate": "1.0.5",
        "xmlbuilder": "3.1.0"
      }
    },
    "once": {
      "version": "1.4.0",
      "resolved": "http://vimond.jfrog.io/vimond/api/npm/npm-virtual/once/-/once-1.4.0.tgz?dl=https://registry.npmjs.org/once/-/once-1.4.0.tgz",
      "integrity": "sha1-WDsap3WWHUsROsF9nFC6753Xa9E=",
      "dev": true,
      "requires": {
        "wrappy": "1.0.2"
      }
    },
    "pako": {
      "version": "1.0.6",
      "resolved": "http://vimond.jfrog.io/vimond/api/npm/npm-virtual/pako/-/pako-1.0.6.tgz?dl=https://registry.npmjs.org/pako/-/pako-1.0.6.tgz",
      "integrity": "sha1-AQEhG6pwxLykoPY/Igbpe3368lg=",
      "dev": true
    },
    "path-is-absolute": {
      "version": "1.0.1",
      "resolved": "http://vimond.jfrog.io/vimond/api/npm/npm-virtual/path-is-absolute/-/path-is-absolute-1.0.1.tgz?dl=https://registry.npmjs.org/path-is-absolute/-/path-is-absolute-1.0.1.tgz",
      "integrity": "sha1-F0uSaHNVNP+8es5r9TpanhtcX18=",
      "dev": true
    },
    "process-nextick-args": {
      "version": "1.0.7",
      "resolved": "http://vimond.jfrog.io/vimond/api/npm/npm-virtual/process-nextick-args/-/process-nextick-args-1.0.7.tgz?dl=https://registry.npmjs.org/process-nextick-args/-/process-nextick-args-1.0.7.tgz",
      "integrity": "sha1-FQ4gt1ZZCtP5EJPyWk8q2L/zC6M=",
      "dev": true
    },
    "promise": {
      "version": "7.3.1",
      "resolved": "http://vimond.jfrog.io/vimond/api/npm/npm-virtual/promise/-/promise-7.3.1.tgz",
      "integrity": "sha1-BktyYCsY+Q8pGSuLG8QY/9Hr078=",
      "dev": true,
      "requires": {
        "asap": "2.0.6"
      }
    },
    "prop-types": {
      "version": "15.6.1",
      "resolved": "http://vimond.jfrog.io/vimond/api/npm/npm-virtual/prop-types/-/prop-types-15.6.1.tgz",
      "integrity": "sha1-NmREU1ZCVd3aORGR+zoSXL32VMo=",
      "dev": true,
      "requires": {
        "fbjs": "0.8.16",
        "loose-envify": "1.3.1",
        "object-assign": "4.1.1"
      }
    },
    "react-reconciler": {
      "version": "0.10.0",
      "resolved": "http://vimond.jfrog.io/vimond/api/npm/npm-virtual/react-reconciler/-/react-reconciler-0.10.0.tgz",
      "integrity": "sha1-XcdeczSN6XuZLeq6dexyAZkY9xs=",
      "dev": true,
      "requires": {
        "fbjs": "0.8.16",
        "loose-envify": "1.3.1",
        "object-assign": "4.1.1",
        "prop-types": "15.6.1"
      }
    },
    "readable-stream": {
      "version": "2.2.11",
      "resolved": "http://vimond.jfrog.io/vimond/api/npm/npm-virtual/readable-stream/-/readable-stream-2.2.11.tgz?dl=https://registry.npmjs.org/readable-stream/-/readable-stream-2.2.11.tgz",
      "integrity": "sha1-B5azH412iAB/8Lk6gIjTSqF8D3I=",
      "dev": true,
      "requires": {
        "core-util-is": "1.0.2",
        "inherits": "2.0.3",
        "isarray": "1.0.0",
        "process-nextick-args": "1.0.7",
        "safe-buffer": "5.0.1",
        "string_decoder": "1.0.3",
        "util-deprecate": "1.0.2"
      }
    },
    "remove-trailing-separator": {
      "version": "1.1.0",
      "resolved": "http://vimond.jfrog.io/vimond/api/npm/npm-virtual/remove-trailing-separator/-/remove-trailing-separator-1.1.0.tgz?dl=https://registry.npmjs.org/remove-trailing-separator/-/remove-trailing-separator-1.1.0.tgz",
      "integrity": "sha1-wkvOKig62tW8P1jg1IJJuSN52O8=",
      "dev": true
    },
    "safe-buffer": {
      "version": "5.0.1",
      "resolved": "http://vimond.jfrog.io/vimond/api/npm/npm-virtual/safe-buffer/-/safe-buffer-5.0.1.tgz?dl=https://registry.npmjs.org/safe-buffer/-/safe-buffer-5.0.1.tgz",
      "integrity": "sha1-0mPKVGls2KMGtcplUekt5XkY++c=",
      "dev": true
    },
    "safer-buffer": {
      "version": "2.1.2",
      "resolved": "http://vimond.jfrog.io/vimond/api/npm/npm-virtual/safer-buffer/-/safer-buffer-2.1.2.tgz",
      "integrity": "sha1-RPoWGwGHuVSd2Eu5GAL5vYOFzWo=",
      "dev": true
    },
    "setimmediate": {
      "version": "1.0.5",
      "resolved": "http://vimond.jfrog.io/vimond/api/npm/npm-virtual/setimmediate/-/setimmediate-1.0.5.tgz",
      "integrity": "sha1-KQy7Iy4waULX1+qbg3Mqt4VvgoU=",
      "dev": true
    },
    "string_decoder": {
      "version": "1.0.3",
      "resolved": "http://vimond.jfrog.io/vimond/api/npm/npm-virtual/string_decoder/-/string_decoder-1.0.3.tgz?dl=https://registry.npmjs.org/string_decoder/-/string_decoder-1.0.3.tgz",
      "integrity": "sha1-D8Z9fBQYJd6UKC3VNr7GubzoYKs=",
      "dev": true,
      "requires": {
        "safe-buffer": "5.1.1"
      },
      "dependencies": {
        "safe-buffer": {
          "version": "5.1.1",
          "resolved": "http://vimond.jfrog.io/vimond/api/npm/npm-virtual/safe-buffer/-/safe-buffer-5.1.1.tgz?dl=https://registry.npmjs.org/safe-buffer/-/safe-buffer-5.1.1.tgz",
          "integrity": "sha1-iTMSr2myEj3vcfV4iQAWce6yyFM=",
          "dev": true
        }
      }
    },
    "tar-stream": {
      "version": "1.5.5",
      "resolved": "http://vimond.jfrog.io/vimond/api/npm/npm-virtual/tar-stream/-/tar-stream-1.5.5.tgz?dl=https://registry.npmjs.org/tar-stream/-/tar-stream-1.5.5.tgz",
      "integrity": "sha1-XK2Ed59FyDsfJQjZawnYjHIYr1U=",
      "dev": true,
      "requires": {
        "bl": "1.2.2",
        "end-of-stream": "1.4.1",
        "readable-stream": "2.2.11",
        "xtend": "4.0.1"
      }
    },
    "three": {
      "version": "0.92.0",
      "resolved": "http://vimond.jfrog.io/vimond/api/npm/npm-virtual/three/-/three-0.92.0.tgz?dl=https://registry.npmjs.org/three/-/three-0.92.0.tgz",
      "integrity": "sha1-jT0fWviQ5i2n9MtF0gwJ+lEFfc0=",
      "dev": true
    },
    "ua-parser-js": {
      "version": "0.7.17",
      "resolved": "http://vimond.jfrog.io/vimond/api/npm/npm-virtual/ua-parser-js/-/ua-parser-js-0.7.17.tgz",
      "integrity": "sha1-6exflJi57JEOeuOsYmqAXE0J7Kw=",
      "dev": true
    },
    "util-deprecate": {
      "version": "1.0.2",
      "resolved": "http://vimond.jfrog.io/vimond/api/npm/npm-virtual/util-deprecate/-/util-deprecate-1.0.2.tgz?dl=https://registry.npmjs.org/util-deprecate/-/util-deprecate-1.0.2.tgz",
      "integrity": "sha1-RQ1Nyfpw3nMnYvvS1KKJgUGaDM8=",
      "dev": true
    },
    "walkdir": {
      "version": "0.0.11",
      "resolved": "http://vimond.jfrog.io/vimond/api/npm/npm-virtual/walkdir/-/walkdir-0.0.11.tgz?dl=https://registry.npmjs.org/walkdir/-/walkdir-0.0.11.tgz",
      "integrity": "sha1-oW0CXrkxvQO1LzCMrtD0D86+lTI=",
      "dev": true
    },
    "whatwg-fetch": {
      "version": "2.0.4",
      "resolved": "http://vimond.jfrog.io/vimond/api/npm/npm-virtual/whatwg-fetch/-/whatwg-fetch-2.0.4.tgz",
      "integrity": "sha1-3eal3zFfnTmZGqF2IYU9cguFVm8=",
      "dev": true
    },
    "wrappy": {
      "version": "1.0.2",
      "resolved": "http://vimond.jfrog.io/vimond/api/npm/npm-virtual/wrappy/-/wrappy-1.0.2.tgz?dl=https://registry.npmjs.org/wrappy/-/wrappy-1.0.2.tgz",
      "integrity": "sha1-tSQ9jz7BqjXxNkYFvA0QNuMKtp8=",
      "dev": true
    },
    "xmlbuilder": {
      "version": "3.1.0",
      "resolved": "http://vimond.jfrog.io/vimond/api/npm/npm-virtual/xmlbuilder/-/xmlbuilder-3.1.0.tgz?dl=https://registry.npmjs.org/xmlbuilder/-/xmlbuilder-3.1.0.tgz",
      "integrity": "sha1-LIaIjy1OrehQ+jjKf3Ij9yCVFuE=",
      "dev": true,
      "requires": {
        "lodash": "3.10.1"
      },
      "dependencies": {
        "lodash": {
          "version": "3.10.1",
          "resolved": "http://vimond.jfrog.io/vimond/api/npm/npm-virtual/lodash/-/lodash-3.10.1.tgz?dl=https://registry.npmjs.org/lodash/-/lodash-3.10.1.tgz",
          "integrity": "sha1-W/Rejkm6QYnhfUgnid/RW9FAt7Y=",
          "dev": true
        }
      }
    },
    "xtend": {
      "version": "4.0.1",
      "resolved": "http://vimond.jfrog.io/vimond/api/npm/npm-virtual/xtend/-/xtend-4.0.1.tgz?dl=https://registry.npmjs.org/xtend/-/xtend-4.0.1.tgz",
      "integrity": "sha1-pcbVMr5lbiPbgg77lDofBJmNY68=",
      "dev": true
    },
    "zip-stream": {
      "version": "1.2.0",
      "resolved": "http://vimond.jfrog.io/vimond/api/npm/npm-virtual/zip-stream/-/zip-stream-1.2.0.tgz?dl=https://registry.npmjs.org/zip-stream/-/zip-stream-1.2.0.tgz",
      "integrity": "sha1-qLxF9MG0lpnGuQGYuqyqzbzUugQ=",
      "dev": true,
      "requires": {
        "archiver-utils": "1.3.0",
        "compress-commons": "1.2.2",
        "lodash": "4.17.5",
        "readable-stream": "2.2.11"
      }
    }
  }
}
