{
  "name": "react-fiber-three-renderer",
  "version": "1.0.0",
  "lockfileVersion": 1,
  "requires": true,
  "dependencies": {
    "asap": {
      "version": "2.0.6",
      "resolved": "http://vimond.jfrog.io/vimond/api/npm/npm-virtual/asap/-/asap-2.0.6.tgz",
      "integrity": "sha1-5QNHYR1+aQlDIIu9r+vLwvuGbUY=",
      "dev": true
    },
    "core-js": {
      "version": "1.2.7",
      "resolved": "http://vimond.jfrog.io/vimond/api/npm/npm-virtual/core-js/-/core-js-1.2.7.tgz",
      "integrity": "sha1-ZSKUwUZR2yj6k70tX/KYOk8IxjY=",
      "dev": true
    },
    "encoding": {
      "version": "0.1.12",
      "resolved": "http://vimond.jfrog.io/vimond/api/npm/npm-virtual/encoding/-/encoding-0.1.12.tgz",
      "integrity": "sha1-U4tm8+5izRq1HsMjgp0flIDHS+s=",
      "dev": true,
      "requires": {
        "iconv-lite": "0.4.21"
      }
    },
    "fbjs": {
      "version": "0.8.16",
      "resolved": "http://vimond.jfrog.io/vimond/api/npm/npm-virtual/fbjs/-/fbjs-0.8.16.tgz",
      "integrity": "sha1-XmdDL1UNxBtXK/VYR7ispk5TN9s=",
      "dev": true,
      "requires": {
        "core-js": "1.2.7",
        "isomorphic-fetch": "2.2.1",
        "loose-envify": "1.3.1",
        "object-assign": "4.1.1",
        "promise": "7.3.1",
        "setimmediate": "1.0.5",
        "ua-parser-js": "0.7.17"
      }
    },
    "iconv-lite": {
      "version": "0.4.21",
      "resolved": "http://vimond.jfrog.io/vimond/api/npm/npm-virtual/iconv-lite/-/iconv-lite-0.4.21.tgz",
      "integrity": "sha1-xH+HM9AhcRievEpADzIY00gJR5g=",
      "dev": true,
      "requires": {
        "safer-buffer": "2.1.2"
      }
    },
    "is-stream": {
      "version": "1.1.0",
      "resolved": "http://vimond.jfrog.io/vimond/api/npm/npm-virtual/is-stream/-/is-stream-1.1.0.tgz",
      "integrity": "sha1-EtSj3U5o4Lec6428hBc66A2RykQ=",
      "dev": true
    },
    "isomorphic-fetch": {
      "version": "2.2.1",
      "resolved": "http://vimond.jfrog.io/vimond/api/npm/npm-virtual/isomorphic-fetch/-/isomorphic-fetch-2.2.1.tgz",
      "integrity": "sha1-YRrhrPFPXoH3KVB0coGf6XM1WKk=",
      "dev": true,
      "requires": {
        "node-fetch": "1.7.3",
        "whatwg-fetch": "2.0.4"
      }
    },
    "js-tokens": {
      "version": "3.0.2",
      "resolved": "http://vimond.jfrog.io/vimond/api/npm/npm-virtual/js-tokens/-/js-tokens-3.0.2.tgz",
      "integrity": "sha1-mGbfOVECEw449/mWvOtlRDIJwls=",
      "dev": true
    },
    "loose-envify": {
      "version": "1.3.1",
      "resolved": "http://vimond.jfrog.io/vimond/api/npm/npm-virtual/loose-envify/-/loose-envify-1.3.1.tgz",
      "integrity": "sha1-0aitM/qc4OcT1l/dCsi3SNR4yEg=",
      "dev": true,
      "requires": {
        "js-tokens": "3.0.2"
      }
    },
    "node-fetch": {
      "version": "1.7.3",
      "resolved": "http://vimond.jfrog.io/vimond/api/npm/npm-virtual/node-fetch/-/node-fetch-1.7.3.tgz",
      "integrity": "sha1-mA9vcthSEaU0fGsrwYxbhMPrR+8=",
      "dev": true,
      "requires": {
        "encoding": "0.1.12",
        "is-stream": "1.1.0"
      }
    },
    "object-assign": {
      "version": "4.1.1",
      "resolved": "http://vimond.jfrog.io/vimond/api/npm/npm-virtual/object-assign/-/object-assign-4.1.1.tgz",
      "integrity": "sha1-IQmtx5ZYh8/AXLvUQsrIv7s2CGM=",
      "dev": true
    },
    "promise": {
      "version": "7.3.1",
      "resolved": "http://vimond.jfrog.io/vimond/api/npm/npm-virtual/promise/-/promise-7.3.1.tgz",
      "integrity": "sha1-BktyYCsY+Q8pGSuLG8QY/9Hr078=",
      "dev": true,
      "requires": {
        "asap": "2.0.6"
      }
    },
    "prop-types": {
      "version": "15.6.1",
      "resolved": "http://vimond.jfrog.io/vimond/api/npm/npm-virtual/prop-types/-/prop-types-15.6.1.tgz",
      "integrity": "sha1-NmREU1ZCVd3aORGR+zoSXL32VMo=",
      "dev": true,
      "requires": {
        "fbjs": "0.8.16",
        "loose-envify": "1.3.1",
        "object-assign": "4.1.1"
      }
    },
    "react-reconciler": {
      "version": "0.10.0",
      "resolved": "http://vimond.jfrog.io/vimond/api/npm/npm-virtual/react-reconciler/-/react-reconciler-0.10.0.tgz",
      "integrity": "sha1-XcdeczSN6XuZLeq6dexyAZkY9xs=",
      "dev": true,
      "requires": {
        "fbjs": "0.8.16",
        "loose-envify": "1.3.1",
        "object-assign": "4.1.1",
        "prop-types": "15.6.1"
      }
    },
    "safer-buffer": {
      "version": "2.1.2",
      "resolved": "http://vimond.jfrog.io/vimond/api/npm/npm-virtual/safer-buffer/-/safer-buffer-2.1.2.tgz",
      "integrity": "sha1-RPoWGwGHuVSd2Eu5GAL5vYOFzWo=",
      "dev": true
    },
    "setimmediate": {
      "version": "1.0.5",
      "resolved": "http://vimond.jfrog.io/vimond/api/npm/npm-virtual/setimmediate/-/setimmediate-1.0.5.tgz",
      "integrity": "sha1-KQy7Iy4waULX1+qbg3Mqt4VvgoU=",
      "dev": true
    },
    "three": {
      "version": "0.92.0",
      "resolved": "http://vimond.jfrog.io/vimond/api/npm/npm-virtual/three/-/three-0.92.0.tgz?dl=https://registry.npmjs.org/three/-/three-0.92.0.tgz",
      "integrity": "sha1-jT0fWviQ5i2n9MtF0gwJ+lEFfc0=",
      "dev": true
    },
    "ua-parser-js": {
      "version": "0.7.17",
      "resolved": "http://vimond.jfrog.io/vimond/api/npm/npm-virtual/ua-parser-js/-/ua-parser-js-0.7.17.tgz",
      "integrity": "sha1-6exflJi57JEOeuOsYmqAXE0J7Kw=",
      "dev": true
    },
    "whatwg-fetch": {
      "version": "2.0.4",
      "resolved": "http://vimond.jfrog.io/vimond/api/npm/npm-virtual/whatwg-fetch/-/whatwg-fetch-2.0.4.tgz",
      "integrity": "sha1-3eal3zFfnTmZGqF2IYU9cguFVm8=",
      "dev": true
    }
  }
}
